// !$*UTF8*$!
{
	archiveVersion = 1;
	classes = {
	};
	objectVersion = 56;
	objects = {

/* Begin PBXBuildFile section */
		511253DA2C4DF1DC003C4E25 /* SubMapView.swift in Sources */ = {isa = PBXBuildFile; fileRef = 511253D92C4DF1DC003C4E25 /* SubMapView.swift */; };
		511253DC2C4DF2CD003C4E25 /* SubMapRepresentableView.swift in Sources */ = {isa = PBXBuildFile; fileRef = 511253DB2C4DF2CD003C4E25 /* SubMapRepresentableView.swift */; };
		512083842C2D095D00F12295 /* MapViewModel.swift in Sources */ = {isa = PBXBuildFile; fileRef = 512083832C2D095D00F12295 /* MapViewModel.swift */; };
		512083882C2D10CB00F12295 /* MapCoordinator.swift in Sources */ = {isa = PBXBuildFile; fileRef = 512083872C2D10CB00F12295 /* MapCoordinator.swift */; };
		5120838C2C2E983500F12295 /* BottomSheetView.swift in Sources */ = {isa = PBXBuildFile; fileRef = 5120838B2C2E983500F12295 /* BottomSheetView.swift */; };
		512083922C37824C00F12295 /* District.swift in Sources */ = {isa = PBXBuildFile; fileRef = 512083912C37824C00F12295 /* District.swift */; };
		51263D332C16D2BD0009509F /* SmokingAreaMapApp.swift in Sources */ = {isa = PBXBuildFile; fileRef = 51263D322C16D2BD0009509F /* SmokingAreaMapApp.swift */; };
		51263D352C16D2BD0009509F /* MapView.swift in Sources */ = {isa = PBXBuildFile; fileRef = 51263D342C16D2BD0009509F /* MapView.swift */; };
		51263D372C16D2BF0009509F /* Assets.xcassets in Resources */ = {isa = PBXBuildFile; fileRef = 51263D362C16D2BF0009509F /* Assets.xcassets */; };
		51263D3A2C16D2BF0009509F /* Preview Assets.xcassets in Resources */ = {isa = PBXBuildFile; fileRef = 51263D392C16D2BF0009509F /* Preview Assets.xcassets */; };
		51263D412C16D2D10009509F /* .gitignore in Resources */ = {isa = PBXBuildFile; fileRef = 51263D402C16D2D10009509F /* .gitignore */; };
		51263D462C17F2B80009509F /* KakaoMapsSDK-SPM in Frameworks */ = {isa = PBXBuildFile; productRef = 51263D452C17F2B80009509F /* KakaoMapsSDK-SPM */; };
		51263D4F2C1805880009509F /* MapRepresentableView.swift in Sources */ = {isa = PBXBuildFile; fileRef = 51263D4E2C1805880009509F /* MapRepresentableView.swift */; };
		513F45B72C3BDC7A00743318 /* +Sequence.swift in Sources */ = {isa = PBXBuildFile; fileRef = 513F45B62C3BDC7A00743318 /* +Sequence.swift */; };
		513F45B92C3CF4D400743318 /* KaKaoLocal.swift in Sources */ = {isa = PBXBuildFile; fileRef = 513F45B82C3CF4D400743318 /* KaKaoLocal.swift */; };
		513F45BB2C3E39A400743318 /* +Bundle.swift in Sources */ = {isa = PBXBuildFile; fileRef = 513F45BA2C3E39A400743318 /* +Bundle.swift */; };
		514E2EE32C50A41100C86AB9 /* +View.swift in Sources */ = {isa = PBXBuildFile; fileRef = 514E2EE22C50A41100C86AB9 /* +View.swift */; };
		514E2EFA2C522A6800C86AB9 /* Constants.swift in Sources */ = {isa = PBXBuildFile; fileRef = 514E2EF92C522A6800C86AB9 /* Constants.swift */; };
		514E2EFC2C52463900C86AB9 /* AccessCameraView.swift in Sources */ = {isa = PBXBuildFile; fileRef = 514E2EFB2C52463900C86AB9 /* AccessCameraView.swift */; };
		514E2EFF2C563DD200C86AB9 /* MySpotViewModel.swift in Sources */ = {isa = PBXBuildFile; fileRef = 514E2EFE2C563DD200C86AB9 /* MySpotViewModel.swift */; };
		514E2F032C576BD300C86AB9 /* ModalView.swift in Sources */ = {isa = PBXBuildFile; fileRef = 514E2F022C576BD300C86AB9 /* ModalView.swift */; };
		517204B92C607C99005A1370 /* CustomSheetView.swift in Sources */ = {isa = PBXBuildFile; fileRef = 517204B82C607C99005A1370 /* CustomSheetView.swift */; };
		5177DEFD2C292BB9003D8701 /* SmokingAreaViewModel.swift in Sources */ = {isa = PBXBuildFile; fileRef = 5177DEFC2C292BB9003D8701 /* SmokingAreaViewModel.swift */; };
		5177DEFF2C292E77003D8701 /* SmokingArea.swift in Sources */ = {isa = PBXBuildFile; fileRef = 5177DEFE2C292E77003D8701 /* SmokingArea.swift */; };
		5177DF052C2A7B0F003D8701 /* ErrorKind.swift in Sources */ = {isa = PBXBuildFile; fileRef = 5177DF042C2A7B0F003D8701 /* ErrorKind.swift */; };
		518886C02C746B0900CD405E /* CustomSheetScrollViewController.swift in Sources */ = {isa = PBXBuildFile; fileRef = 518886BF2C746B0900CD405E /* CustomSheetScrollViewController.swift */; };
		518886C32C76F4A600CD405E /* CustomSheetViewModel.swift in Sources */ = {isa = PBXBuildFile; fileRef = 518886C22C76F4A600CD405E /* CustomSheetViewModel.swift */; };
		518886C52C76F4B000CD405E /* CustomSheetModel.swift in Sources */ = {isa = PBXBuildFile; fileRef = 518886C42C76F4B000CD405E /* CustomSheetModel.swift */; };
		518886C72C76F4FB00CD405E /* ScrollContentView.swift in Sources */ = {isa = PBXBuildFile; fileRef = 518886C62C76F4FB00CD405E /* ScrollContentView.swift */; };
		51889BF72C4E42E8009996F2 /* MapMode.swift in Sources */ = {isa = PBXBuildFile; fileRef = 51889BF62C4E42E8009996F2 /* MapMode.swift */; };
		51889BFA2C4E4514009996F2 /* SubMapCoordinator.swift in Sources */ = {isa = PBXBuildFile; fileRef = 51889BF92C4E4514009996F2 /* SubMapCoordinator.swift */; };
		51889BFC2C4F9D55009996F2 /* CurrentLocationButton.swift in Sources */ = {isa = PBXBuildFile; fileRef = 51889BFB2C4F9D55009996F2 /* CurrentLocationButton.swift */; };
		51D2DBCE2C4501C30019D4B1 /* PersistenceController.swift in Sources */ = {isa = PBXBuildFile; fileRef = 51D2DBCD2C4501C30019D4B1 /* PersistenceController.swift */; };
		51D2DBD02C450A920019D4B1 /* MySpotListView.swift in Sources */ = {isa = PBXBuildFile; fileRef = 51D2DBCF2C450A920019D4B1 /* MySpotListView.swift */; };
		51D2DBD72C46ADC60019D4B1 /* MySpotDetailView.swift in Sources */ = {isa = PBXBuildFile; fileRef = 51D2DBD62C46ADC60019D4B1 /* MySpotDetailView.swift */; };
		51D2DBDB2C4777C10019D4B1 /* DeferView.swift in Sources */ = {isa = PBXBuildFile; fileRef = 51D2DBDA2C4777C00019D4B1 /* DeferView.swift */; };
		51D2DC022C479A330019D4B1 /* MySpot.xcdatamodeld in Sources */ = {isa = PBXBuildFile; fileRef = 51D2DC002C479A330019D4B1 /* MySpot.xcdatamodeld */; };
		51D2DC092C479DD00019D4B1 /* MySpot+CoreDataClass.swift in Sources */ = {isa = PBXBuildFile; fileRef = 51D2DC072C479DD00019D4B1 /* MySpot+CoreDataClass.swift */; };
		51D2DC0A2C479DD00019D4B1 /* MySpot+CoreDataProperties.swift in Sources */ = {isa = PBXBuildFile; fileRef = 51D2DC082C479DD00019D4B1 /* MySpot+CoreDataProperties.swift */; };
		51D2DC0E2C4A2B370019D4B1 /* SpotPoi.swift in Sources */ = {isa = PBXBuildFile; fileRef = 51D2DC0D2C4A2B370019D4B1 /* SpotPoi.swift */; };
		51D2DC102C4A43720019D4B1 /* RoundedBorderView.swift in Sources */ = {isa = PBXBuildFile; fileRef = 51D2DC0F2C4A43720019D4B1 /* RoundedBorderView.swift */; };
		51D2DC142C4A486E0019D4B1 /* CenterContainerView.swift in Sources */ = {isa = PBXBuildFile; fileRef = 51D2DC132C4A486E0019D4B1 /* CenterContainerView.swift */; };
/* End PBXBuildFile section */

/* Begin PBXFileReference section */
		511253D92C4DF1DC003C4E25 /* SubMapView.swift */ = {isa = PBXFileReference; lastKnownFileType = sourcecode.swift; path = SubMapView.swift; sourceTree = "<group>"; };
		511253DB2C4DF2CD003C4E25 /* SubMapRepresentableView.swift */ = {isa = PBXFileReference; lastKnownFileType = sourcecode.swift; path = SubMapRepresentableView.swift; sourceTree = "<group>"; };
		512083832C2D095D00F12295 /* MapViewModel.swift */ = {isa = PBXFileReference; lastKnownFileType = sourcecode.swift; path = MapViewModel.swift; sourceTree = "<group>"; };
		512083872C2D10CB00F12295 /* MapCoordinator.swift */ = {isa = PBXFileReference; lastKnownFileType = sourcecode.swift; path = MapCoordinator.swift; sourceTree = "<group>"; };
		5120838B2C2E983500F12295 /* BottomSheetView.swift */ = {isa = PBXFileReference; lastKnownFileType = sourcecode.swift; path = BottomSheetView.swift; sourceTree = "<group>"; };
		512083912C37824C00F12295 /* District.swift */ = {isa = PBXFileReference; lastKnownFileType = sourcecode.swift; path = District.swift; sourceTree = "<group>"; };
		51263D2F2C16D2BD0009509F /* SmokingAreaMap.app */ = {isa = PBXFileReference; explicitFileType = wrapper.application; includeInIndex = 0; path = SmokingAreaMap.app; sourceTree = BUILT_PRODUCTS_DIR; };
		51263D322C16D2BD0009509F /* SmokingAreaMapApp.swift */ = {isa = PBXFileReference; lastKnownFileType = sourcecode.swift; path = SmokingAreaMapApp.swift; sourceTree = "<group>"; };
		51263D342C16D2BD0009509F /* MapView.swift */ = {isa = PBXFileReference; lastKnownFileType = sourcecode.swift; path = MapView.swift; sourceTree = "<group>"; };
		51263D362C16D2BF0009509F /* Assets.xcassets */ = {isa = PBXFileReference; lastKnownFileType = folder.assetcatalog; path = Assets.xcassets; sourceTree = "<group>"; };
		51263D392C16D2BF0009509F /* Preview Assets.xcassets */ = {isa = PBXFileReference; lastKnownFileType = folder.assetcatalog; path = "Preview Assets.xcassets"; sourceTree = "<group>"; };
		51263D402C16D2D10009509F /* .gitignore */ = {isa = PBXFileReference; lastKnownFileType = text; path = .gitignore; sourceTree = "<group>"; };
		51263D422C16DD370009509F /* Config.xcconfig */ = {isa = PBXFileReference; lastKnownFileType = text.xcconfig; path = Config.xcconfig; sourceTree = "<group>"; };
		51263D432C16E0C40009509F /* Info.plist */ = {isa = PBXFileReference; lastKnownFileType = text.plist.xml; path = Info.plist; sourceTree = "<group>"; };
		51263D4E2C1805880009509F /* MapRepresentableView.swift */ = {isa = PBXFileReference; lastKnownFileType = sourcecode.swift; path = MapRepresentableView.swift; sourceTree = "<group>"; };
		513F45B62C3BDC7A00743318 /* +Sequence.swift */ = {isa = PBXFileReference; lastKnownFileType = sourcecode.swift; path = "+Sequence.swift"; sourceTree = "<group>"; };
		513F45B82C3CF4D400743318 /* KaKaoLocal.swift */ = {isa = PBXFileReference; lastKnownFileType = sourcecode.swift; path = KaKaoLocal.swift; sourceTree = "<group>"; };
		513F45BA2C3E39A400743318 /* +Bundle.swift */ = {isa = PBXFileReference; lastKnownFileType = sourcecode.swift; path = "+Bundle.swift"; sourceTree = "<group>"; };
		514E2EE22C50A41100C86AB9 /* +View.swift */ = {isa = PBXFileReference; lastKnownFileType = sourcecode.swift; path = "+View.swift"; sourceTree = "<group>"; };
		514E2EF92C522A6800C86AB9 /* Constants.swift */ = {isa = PBXFileReference; lastKnownFileType = sourcecode.swift; path = Constants.swift; sourceTree = "<group>"; };
		514E2EFB2C52463900C86AB9 /* AccessCameraView.swift */ = {isa = PBXFileReference; lastKnownFileType = sourcecode.swift; path = AccessCameraView.swift; sourceTree = "<group>"; };
		514E2EFE2C563DD200C86AB9 /* MySpotViewModel.swift */ = {isa = PBXFileReference; lastKnownFileType = sourcecode.swift; path = MySpotViewModel.swift; sourceTree = "<group>"; };
		514E2F022C576BD300C86AB9 /* ModalView.swift */ = {isa = PBXFileReference; lastKnownFileType = sourcecode.swift; path = ModalView.swift; sourceTree = "<group>"; };
		517204B82C607C99005A1370 /* CustomSheetView.swift */ = {isa = PBXFileReference; lastKnownFileType = sourcecode.swift; path = CustomSheetView.swift; sourceTree = "<group>"; };
		5177DEFC2C292BB9003D8701 /* SmokingAreaViewModel.swift */ = {isa = PBXFileReference; lastKnownFileType = sourcecode.swift; path = SmokingAreaViewModel.swift; sourceTree = "<group>"; };
		5177DEFE2C292E77003D8701 /* SmokingArea.swift */ = {isa = PBXFileReference; lastKnownFileType = sourcecode.swift; path = SmokingArea.swift; sourceTree = "<group>"; };
		5177DF042C2A7B0F003D8701 /* ErrorKind.swift */ = {isa = PBXFileReference; lastKnownFileType = sourcecode.swift; path = ErrorKind.swift; sourceTree = "<group>"; };
		518886BF2C746B0900CD405E /* CustomSheetScrollViewController.swift */ = {isa = PBXFileReference; lastKnownFileType = sourcecode.swift; path = CustomSheetScrollViewController.swift; sourceTree = "<group>"; };
		518886C22C76F4A600CD405E /* CustomSheetViewModel.swift */ = {isa = PBXFileReference; lastKnownFileType = sourcecode.swift; path = CustomSheetViewModel.swift; sourceTree = "<group>"; };
		518886C42C76F4B000CD405E /* CustomSheetModel.swift */ = {isa = PBXFileReference; lastKnownFileType = sourcecode.swift; path = CustomSheetModel.swift; sourceTree = "<group>"; };
		518886C62C76F4FB00CD405E /* ScrollContentView.swift */ = {isa = PBXFileReference; lastKnownFileType = sourcecode.swift; path = ScrollContentView.swift; sourceTree = "<group>"; };
		51889BF62C4E42E8009996F2 /* MapMode.swift */ = {isa = PBXFileReference; lastKnownFileType = sourcecode.swift; path = MapMode.swift; sourceTree = "<group>"; };
		51889BF92C4E4514009996F2 /* SubMapCoordinator.swift */ = {isa = PBXFileReference; lastKnownFileType = sourcecode.swift; path = SubMapCoordinator.swift; sourceTree = "<group>"; };
		51889BFB2C4F9D55009996F2 /* CurrentLocationButton.swift */ = {isa = PBXFileReference; lastKnownFileType = sourcecode.swift; path = CurrentLocationButton.swift; sourceTree = "<group>"; };
		51D2DBCD2C4501C30019D4B1 /* PersistenceController.swift */ = {isa = PBXFileReference; lastKnownFileType = sourcecode.swift; path = PersistenceController.swift; sourceTree = "<group>"; };
		51D2DBCF2C450A920019D4B1 /* MySpotListView.swift */ = {isa = PBXFileReference; lastKnownFileType = sourcecode.swift; path = MySpotListView.swift; sourceTree = "<group>"; };
		51D2DBD62C46ADC60019D4B1 /* MySpotDetailView.swift */ = {isa = PBXFileReference; lastKnownFileType = sourcecode.swift; path = MySpotDetailView.swift; sourceTree = "<group>"; };
		51D2DBDA2C4777C00019D4B1 /* DeferView.swift */ = {isa = PBXFileReference; lastKnownFileType = sourcecode.swift; path = DeferView.swift; sourceTree = "<group>"; };
		51D2DC012C479A330019D4B1 /* MySpot.xcdatamodel */ = {isa = PBXFileReference; lastKnownFileType = wrapper.xcdatamodel; path = MySpot.xcdatamodel; sourceTree = "<group>"; };
		51D2DC072C479DD00019D4B1 /* MySpot+CoreDataClass.swift */ = {isa = PBXFileReference; lastKnownFileType = sourcecode.swift; path = "MySpot+CoreDataClass.swift"; sourceTree = "<group>"; };
		51D2DC082C479DD00019D4B1 /* MySpot+CoreDataProperties.swift */ = {isa = PBXFileReference; lastKnownFileType = sourcecode.swift; path = "MySpot+CoreDataProperties.swift"; sourceTree = "<group>"; };
		51D2DC0D2C4A2B370019D4B1 /* SpotPoi.swift */ = {isa = PBXFileReference; lastKnownFileType = sourcecode.swift; path = SpotPoi.swift; sourceTree = "<group>"; };
		51D2DC0F2C4A43720019D4B1 /* RoundedBorderView.swift */ = {isa = PBXFileReference; lastKnownFileType = sourcecode.swift; path = RoundedBorderView.swift; sourceTree = "<group>"; };
		51D2DC132C4A486E0019D4B1 /* CenterContainerView.swift */ = {isa = PBXFileReference; lastKnownFileType = sourcecode.swift; path = CenterContainerView.swift; sourceTree = "<group>"; };
/* End PBXFileReference section */

/* Begin PBXFrameworksBuildPhase section */
		51263D2C2C16D2BD0009509F /* Frameworks */ = {
			isa = PBXFrameworksBuildPhase;
			buildActionMask = 2147483647;
			files = (
				51263D462C17F2B80009509F /* KakaoMapsSDK-SPM in Frameworks */,
			);
			runOnlyForDeploymentPostprocessing = 0;
		};
/* End PBXFrameworksBuildPhase section */

/* Begin PBXGroup section */
		51263D262C16D2BD0009509F = {
			isa = PBXGroup;
			children = (
				51263D402C16D2D10009509F /* .gitignore */,
				51263D312C16D2BD0009509F /* SmokingAreaMap */,
				51263D302C16D2BD0009509F /* Products */,
			);
			sourceTree = "<group>";
		};
		51263D302C16D2BD0009509F /* Products */ = {
			isa = PBXGroup;
			children = (
				51263D2F2C16D2BD0009509F /* SmokingAreaMap.app */,
			);
			name = Products;
			sourceTree = "<group>";
		};
		51263D312C16D2BD0009509F /* SmokingAreaMap */ = {
			isa = PBXGroup;
			children = (
				514E2EEE2C5213F000C86AB9 /* Features */,
				51D2DC122C4A484B0019D4B1 /* Components */,
				514E2EED2C5212F900C86AB9 /* Utilities */,
				51D2DC112C4A48440019D4B1 /* Resources */,
				51263D382C16D2BF0009509F /* Preview Content */,
				51263D322C16D2BD0009509F /* SmokingAreaMapApp.swift */,
				51263D432C16E0C40009509F /* Info.plist */,
				51263D422C16DD370009509F /* Config.xcconfig */,
			);
			path = SmokingAreaMap;
			sourceTree = "<group>";
		};
		51263D382C16D2BF0009509F /* Preview Content */ = {
			isa = PBXGroup;
			children = (
				51263D392C16D2BF0009509F /* Preview Assets.xcassets */,
			);
			path = "Preview Content";
			sourceTree = "<group>";
		};
		513F45B52C3BDC6D00743318 /* Extensions */ = {
			isa = PBXGroup;
			children = (
				513F45BA2C3E39A400743318 /* +Bundle.swift */,
				513F45B62C3BDC7A00743318 /* +Sequence.swift */,
				514E2EE22C50A41100C86AB9 /* +View.swift */,
			);
			path = Extensions;
			sourceTree = "<group>";
		};
		514E2EE52C50FD3900C86AB9 /* MySpot */ = {
			isa = PBXGroup;
			children = (
				514E2EFE2C563DD200C86AB9 /* MySpotViewModel.swift */,
				514E2EF62C52225A00C86AB9 /* MySpotList */,
				514E2EF72C52226100C86AB9 /* MySpotDetail */,
				514E2EF82C52226E00C86AB9 /* SubMap */,
			);
			path = MySpot;
			sourceTree = "<group>";
		};
		514E2EE82C50FD9300C86AB9 /* Views */ = {
			isa = PBXGroup;
			children = (
				511253D92C4DF1DC003C4E25 /* SubMapView.swift */,
				511253DB2C4DF2CD003C4E25 /* SubMapRepresentableView.swift */,
			);
			path = Views;
			sourceTree = "<group>";
		};
		514E2EEA2C50FDA200C86AB9 /* ViewModels */ = {
			isa = PBXGroup;
			children = (
				51889BF92C4E4514009996F2 /* SubMapCoordinator.swift */,
			);
			path = ViewModels;
			sourceTree = "<group>";
		};
		514E2EED2C5212F900C86AB9 /* Utilities */ = {
			isa = PBXGroup;
			children = (
				513F45B52C3BDC6D00743318 /* Extensions */,
			);
			path = Utilities;
			sourceTree = "<group>";
		};
		514E2EEE2C5213F000C86AB9 /* Features */ = {
			isa = PBXGroup;
			children = (
				514E2EEF2C5213FB00C86AB9 /* MainMap */,
				514E2EE52C50FD3900C86AB9 /* MySpot */,
			);
			path = Features;
			sourceTree = "<group>";
		};
		514E2EEF2C5213FB00C86AB9 /* MainMap */ = {
			isa = PBXGroup;
			children = (
				514E2EF02C52141100C86AB9 /* Models */,
				514E2EF12C52141C00C86AB9 /* Views */,
				514E2EF22C52142100C86AB9 /* ViewModels */,
			);
			path = MainMap;
			sourceTree = "<group>";
		};
		514E2EF02C52141100C86AB9 /* Models */ = {
			isa = PBXGroup;
			children = (
				51D2DC0D2C4A2B370019D4B1 /* SpotPoi.swift */,
				512083912C37824C00F12295 /* District.swift */,
				513F45B82C3CF4D400743318 /* KaKaoLocal.swift */,
				5177DEFE2C292E77003D8701 /* SmokingArea.swift */,
				51D2DC072C479DD00019D4B1 /* MySpot+CoreDataClass.swift */,
				51D2DC082C479DD00019D4B1 /* MySpot+CoreDataProperties.swift */,
			);
			path = Models;
			sourceTree = "<group>";
		};
		514E2EF12C52141C00C86AB9 /* Views */ = {
			isa = PBXGroup;
			children = (
				51263D342C16D2BD0009509F /* MapView.swift */,
				51263D4E2C1805880009509F /* MapRepresentableView.swift */,
				5120838B2C2E983500F12295 /* BottomSheetView.swift */,
			);
			path = Views;
			sourceTree = "<group>";
		};
		514E2EF22C52142100C86AB9 /* ViewModels */ = {
			isa = PBXGroup;
			children = (
				512083872C2D10CB00F12295 /* MapCoordinator.swift */,
				512083832C2D095D00F12295 /* MapViewModel.swift */,
				5177DEFC2C292BB9003D8701 /* SmokingAreaViewModel.swift */,
				51D2DBCD2C4501C30019D4B1 /* PersistenceController.swift */,
			);
			path = ViewModels;
			sourceTree = "<group>";
		};
		514E2EF52C5215A100C86AB9 /* Models */ = {
			isa = PBXGroup;
			children = (
				51889BF62C4E42E8009996F2 /* MapMode.swift */,
			);
			path = Models;
			sourceTree = "<group>";
		};
		514E2EF62C52225A00C86AB9 /* MySpotList */ = {
			isa = PBXGroup;
			children = (
				51D2DBCF2C450A920019D4B1 /* MySpotListView.swift */,
			);
			path = MySpotList;
			sourceTree = "<group>";
		};
		514E2EF72C52226100C86AB9 /* MySpotDetail */ = {
			isa = PBXGroup;
			children = (
				514E2EFD2C524B1800C86AB9 /* Views */,
			);
			path = MySpotDetail;
			sourceTree = "<group>";
		};
		514E2EF82C52226E00C86AB9 /* SubMap */ = {
			isa = PBXGroup;
			children = (
				514E2EF52C5215A100C86AB9 /* Models */,
				514E2EE82C50FD9300C86AB9 /* Views */,
				514E2EEA2C50FDA200C86AB9 /* ViewModels */,
			);
			path = SubMap;
			sourceTree = "<group>";
		};
		514E2EFD2C524B1800C86AB9 /* Views */ = {
			isa = PBXGroup;
			children = (
				51D2DBD62C46ADC60019D4B1 /* MySpotDetailView.swift */,
				514E2EFB2C52463900C86AB9 /* AccessCameraView.swift */,
				51D2DC0F2C4A43720019D4B1 /* RoundedBorderView.swift */,
			);
			path = Views;
			sourceTree = "<group>";
		};
		518886C12C76F48A00CD405E /* CustomSheet */ = {
			isa = PBXGroup;
			children = (
				518886C92C772ACE00CD405E /* Models */,
				518886C82C77293B00CD405E /* Views */,
				518886CA2C772AE100CD405E /* ViewModels */,
			);
			path = CustomSheet;
			sourceTree = "<group>";
		};
		518886C82C77293B00CD405E /* Views */ = {
			isa = PBXGroup;
			children = (
				517204B82C607C99005A1370 /* CustomSheetView.swift */,
				518886BF2C746B0900CD405E /* CustomSheetScrollViewController.swift */,
				518886C62C76F4FB00CD405E /* ScrollContentView.swift */,
			);
			path = Views;
			sourceTree = "<group>";
		};
		518886C92C772ACE00CD405E /* Models */ = {
			isa = PBXGroup;
			children = (
				518886C42C76F4B000CD405E /* CustomSheetModel.swift */,
			);
			path = Models;
			sourceTree = "<group>";
		};
		518886CA2C772AE100CD405E /* ViewModels */ = {
			isa = PBXGroup;
			children = (
				518886C22C76F4A600CD405E /* CustomSheetViewModel.swift */,
			);
			path = ViewModels;
			sourceTree = "<group>";
		};
		51D2DC112C4A48440019D4B1 /* Resources */ = {
			isa = PBXGroup;
			children = (
				514E2EF92C522A6800C86AB9 /* Constants.swift */,
				5177DF042C2A7B0F003D8701 /* ErrorKind.swift */,
				51263D362C16D2BF0009509F /* Assets.xcassets */,
				51D2DC002C479A330019D4B1 /* MySpot.xcdatamodeld */,
			);
			path = Resources;
			sourceTree = "<group>";
		};
		51D2DC122C4A484B0019D4B1 /* Components */ = {
			isa = PBXGroup;
			children = (
				518886C12C76F48A00CD405E /* CustomSheet */,
				51D2DBDA2C4777C00019D4B1 /* DeferView.swift */,
				51D2DC132C4A486E0019D4B1 /* CenterContainerView.swift */,
				51889BFB2C4F9D55009996F2 /* CurrentLocationButton.swift */,
				514E2F022C576BD300C86AB9 /* ModalView.swift */,
			);
			path = Components;
			sourceTree = "<group>";
		};
/* End PBXGroup section */

/* Begin PBXNativeTarget section */
		51263D2E2C16D2BD0009509F /* SmokingAreaMap */ = {
			isa = PBXNativeTarget;
			buildConfigurationList = 51263D3D2C16D2BF0009509F /* Build configuration list for PBXNativeTarget "SmokingAreaMap" */;
			buildPhases = (
				51263D2B2C16D2BD0009509F /* Sources */,
				51263D2C2C16D2BD0009509F /* Frameworks */,
				51263D2D2C16D2BD0009509F /* Resources */,
			);
			buildRules = (
			);
			dependencies = (
			);
			name = SmokingAreaMap;
			packageProductDependencies = (
				51263D452C17F2B80009509F /* KakaoMapsSDK-SPM */,
			);
			productName = SmokingAreaMap;
			productReference = 51263D2F2C16D2BD0009509F /* SmokingAreaMap.app */;
			productType = "com.apple.product-type.application";
		};
/* End PBXNativeTarget section */

/* Begin PBXProject section */
		51263D272C16D2BD0009509F /* Project object */ = {
			isa = PBXProject;
			attributes = {
				BuildIndependentTargetsInParallel = 1;
				LastSwiftUpdateCheck = 1540;
				LastUpgradeCheck = 1540;
				TargetAttributes = {
					51263D2E2C16D2BD0009509F = {
						CreatedOnToolsVersion = 15.4;
					};
				};
			};
			buildConfigurationList = 51263D2A2C16D2BD0009509F /* Build configuration list for PBXProject "SmokingAreaMap" */;
			compatibilityVersion = "Xcode 14.0";
			developmentRegion = en;
			hasScannedForEncodings = 0;
			knownRegions = (
				en,
				Base,
			);
			mainGroup = 51263D262C16D2BD0009509F;
			packageReferences = (
				51263D442C17F2B80009509F /* XCRemoteSwiftPackageReference "KakaoMapsSDK-SPM" */,
			);
			productRefGroup = 51263D302C16D2BD0009509F /* Products */;
			projectDirPath = "";
			projectRoot = "";
			targets = (
				51263D2E2C16D2BD0009509F /* SmokingAreaMap */,
			);
		};
/* End PBXProject section */

/* Begin PBXResourcesBuildPhase section */
		51263D2D2C16D2BD0009509F /* Resources */ = {
			isa = PBXResourcesBuildPhase;
			buildActionMask = 2147483647;
			files = (
				51263D3A2C16D2BF0009509F /* Preview Assets.xcassets in Resources */,
				51263D412C16D2D10009509F /* .gitignore in Resources */,
				51263D372C16D2BF0009509F /* Assets.xcassets in Resources */,
			);
			runOnlyForDeploymentPostprocessing = 0;
		};
/* End PBXResourcesBuildPhase section */

/* Begin PBXSourcesBuildPhase section */
		51263D2B2C16D2BD0009509F /* Sources */ = {
			isa = PBXSourcesBuildPhase;
			buildActionMask = 2147483647;
			files = (
				51263D352C16D2BD0009509F /* MapView.swift in Sources */,
				511253DC2C4DF2CD003C4E25 /* SubMapRepresentableView.swift in Sources */,
				513F45B92C3CF4D400743318 /* KaKaoLocal.swift in Sources */,
				514E2EFC2C52463900C86AB9 /* AccessCameraView.swift in Sources */,
				51D2DC022C479A330019D4B1 /* MySpot.xcdatamodeld in Sources */,
				5120838C2C2E983500F12295 /* BottomSheetView.swift in Sources */,
				51889BFC2C4F9D55009996F2 /* CurrentLocationButton.swift in Sources */,
				51D2DC102C4A43720019D4B1 /* RoundedBorderView.swift in Sources */,
				514E2EFA2C522A6800C86AB9 /* Constants.swift in Sources */,
				518886C72C76F4FB00CD405E /* ScrollContentView.swift in Sources */,
				51D2DC142C4A486E0019D4B1 /* CenterContainerView.swift in Sources */,
				512083882C2D10CB00F12295 /* MapCoordinator.swift in Sources */,
				511253DA2C4DF1DC003C4E25 /* SubMapView.swift in Sources */,
				51D2DC0E2C4A2B370019D4B1 /* SpotPoi.swift in Sources */,
				51889BFA2C4E4514009996F2 /* SubMapCoordinator.swift in Sources */,
				51263D4F2C1805880009509F /* MapRepresentableView.swift in Sources */,
				513F45BB2C3E39A400743318 /* +Bundle.swift in Sources */,
				5177DF052C2A7B0F003D8701 /* ErrorKind.swift in Sources */,
				518886C32C76F4A600CD405E /* CustomSheetViewModel.swift in Sources */,
				51D2DBD72C46ADC60019D4B1 /* MySpotDetailView.swift in Sources */,
				5177DEFF2C292E77003D8701 /* SmokingArea.swift in Sources */,
				51D2DBCE2C4501C30019D4B1 /* PersistenceController.swift in Sources */,
				514E2F032C576BD300C86AB9 /* ModalView.swift in Sources */,
				514E2EFF2C563DD200C86AB9 /* MySpotViewModel.swift in Sources */,
				51D2DC092C479DD00019D4B1 /* MySpot+CoreDataClass.swift in Sources */,
				51D2DC0A2C479DD00019D4B1 /* MySpot+CoreDataProperties.swift in Sources */,
				5177DEFD2C292BB9003D8701 /* SmokingAreaViewModel.swift in Sources */,
				51D2DBD02C450A920019D4B1 /* MySpotListView.swift in Sources */,
				512083922C37824C00F12295 /* District.swift in Sources */,
				513F45B72C3BDC7A00743318 /* +Sequence.swift in Sources */,
				518886C02C746B0900CD405E /* CustomSheetScrollViewController.swift in Sources */,
				518886C52C76F4B000CD405E /* CustomSheetModel.swift in Sources */,
				514E2EE32C50A41100C86AB9 /* +View.swift in Sources */,
				51263D332C16D2BD0009509F /* SmokingAreaMapApp.swift in Sources */,
				517204B92C607C99005A1370 /* CustomSheetView.swift in Sources */,
				512083842C2D095D00F12295 /* MapViewModel.swift in Sources */,
				51D2DBDB2C4777C10019D4B1 /* DeferView.swift in Sources */,
				51889BF72C4E42E8009996F2 /* MapMode.swift in Sources */,
			);
			runOnlyForDeploymentPostprocessing = 0;
		};
/* End PBXSourcesBuildPhase section */

/* Begin XCBuildConfiguration section */
		51263D3B2C16D2BF0009509F /* Debug */ = {
			isa = XCBuildConfiguration;
			baseConfigurationReference = 51263D422C16DD370009509F /* Config.xcconfig */;
			buildSettings = {
				ALWAYS_SEARCH_USER_PATHS = NO;
				ASSETCATALOG_COMPILER_GENERATE_SWIFT_ASSET_SYMBOL_EXTENSIONS = YES;
				CLANG_ANALYZER_NONNULL = YES;
				CLANG_ANALYZER_NUMBER_OBJECT_CONVERSION = YES_AGGRESSIVE;
				CLANG_CXX_LANGUAGE_STANDARD = "gnu++20";
				CLANG_ENABLE_MODULES = YES;
				CLANG_ENABLE_OBJC_ARC = YES;
				CLANG_ENABLE_OBJC_WEAK = YES;
				CLANG_WARN_BLOCK_CAPTURE_AUTORELEASING = YES;
				CLANG_WARN_BOOL_CONVERSION = YES;
				CLANG_WARN_COMMA = YES;
				CLANG_WARN_CONSTANT_CONVERSION = YES;
				CLANG_WARN_DEPRECATED_OBJC_IMPLEMENTATIONS = YES;
				CLANG_WARN_DIRECT_OBJC_ISA_USAGE = YES_ERROR;
				CLANG_WARN_DOCUMENTATION_COMMENTS = YES;
				CLANG_WARN_EMPTY_BODY = YES;
				CLANG_WARN_ENUM_CONVERSION = YES;
				CLANG_WARN_INFINITE_RECURSION = YES;
				CLANG_WARN_INT_CONVERSION = YES;
				CLANG_WARN_NON_LITERAL_NULL_CONVERSION = YES;
				CLANG_WARN_OBJC_IMPLICIT_RETAIN_SELF = YES;
				CLANG_WARN_OBJC_LITERAL_CONVERSION = YES;
				CLANG_WARN_OBJC_ROOT_CLASS = YES_ERROR;
				CLANG_WARN_QUOTED_INCLUDE_IN_FRAMEWORK_HEADER = YES;
				CLANG_WARN_RANGE_LOOP_ANALYSIS = YES;
				CLANG_WARN_STRICT_PROTOTYPES = YES;
				CLANG_WARN_SUSPICIOUS_MOVE = YES;
				CLANG_WARN_UNGUARDED_AVAILABILITY = YES_AGGRESSIVE;
				CLANG_WARN_UNREACHABLE_CODE = YES;
				CLANG_WARN__DUPLICATE_METHOD_MATCH = YES;
				COPY_PHASE_STRIP = NO;
				DEBUG_INFORMATION_FORMAT = dwarf;
				ENABLE_STRICT_OBJC_MSGSEND = YES;
				ENABLE_TESTABILITY = YES;
				ENABLE_USER_SCRIPT_SANDBOXING = YES;
				GCC_C_LANGUAGE_STANDARD = gnu17;
				GCC_DYNAMIC_NO_PIC = NO;
				GCC_NO_COMMON_BLOCKS = YES;
				GCC_OPTIMIZATION_LEVEL = 0;
				GCC_PREPROCESSOR_DEFINITIONS = (
					"DEBUG=1",
					"$(inherited)",
				);
				GCC_WARN_64_TO_32_BIT_CONVERSION = YES;
				GCC_WARN_ABOUT_RETURN_TYPE = YES_ERROR;
				GCC_WARN_UNDECLARED_SELECTOR = YES;
				GCC_WARN_UNINITIALIZED_AUTOS = YES_AGGRESSIVE;
				GCC_WARN_UNUSED_FUNCTION = YES;
				GCC_WARN_UNUSED_VARIABLE = YES;
				IPHONEOS_DEPLOYMENT_TARGET = 16.0;
				LOCALIZATION_PREFERS_STRING_CATALOGS = YES;
				MTL_ENABLE_DEBUG_INFO = INCLUDE_SOURCE;
				MTL_FAST_MATH = YES;
				ONLY_ACTIVE_ARCH = YES;
				SDKROOT = iphoneos;
				SWIFT_ACTIVE_COMPILATION_CONDITIONS = "DEBUG $(inherited)";
				SWIFT_OPTIMIZATION_LEVEL = "-Onone";
			};
			name = Debug;
		};
		51263D3C2C16D2BF0009509F /* Release */ = {
			isa = XCBuildConfiguration;
			baseConfigurationReference = 51263D422C16DD370009509F /* Config.xcconfig */;
			buildSettings = {
				ALWAYS_SEARCH_USER_PATHS = NO;
				ASSETCATALOG_COMPILER_GENERATE_SWIFT_ASSET_SYMBOL_EXTENSIONS = YES;
				CLANG_ANALYZER_NONNULL = YES;
				CLANG_ANALYZER_NUMBER_OBJECT_CONVERSION = YES_AGGRESSIVE;
				CLANG_CXX_LANGUAGE_STANDARD = "gnu++20";
				CLANG_ENABLE_MODULES = YES;
				CLANG_ENABLE_OBJC_ARC = YES;
				CLANG_ENABLE_OBJC_WEAK = YES;
				CLANG_WARN_BLOCK_CAPTURE_AUTORELEASING = YES;
				CLANG_WARN_BOOL_CONVERSION = YES;
				CLANG_WARN_COMMA = YES;
				CLANG_WARN_CONSTANT_CONVERSION = YES;
				CLANG_WARN_DEPRECATED_OBJC_IMPLEMENTATIONS = YES;
				CLANG_WARN_DIRECT_OBJC_ISA_USAGE = YES_ERROR;
				CLANG_WARN_DOCUMENTATION_COMMENTS = YES;
				CLANG_WARN_EMPTY_BODY = YES;
				CLANG_WARN_ENUM_CONVERSION = YES;
				CLANG_WARN_INFINITE_RECURSION = YES;
				CLANG_WARN_INT_CONVERSION = YES;
				CLANG_WARN_NON_LITERAL_NULL_CONVERSION = YES;
				CLANG_WARN_OBJC_IMPLICIT_RETAIN_SELF = YES;
				CLANG_WARN_OBJC_LITERAL_CONVERSION = YES;
				CLANG_WARN_OBJC_ROOT_CLASS = YES_ERROR;
				CLANG_WARN_QUOTED_INCLUDE_IN_FRAMEWORK_HEADER = YES;
				CLANG_WARN_RANGE_LOOP_ANALYSIS = YES;
				CLANG_WARN_STRICT_PROTOTYPES = YES;
				CLANG_WARN_SUSPICIOUS_MOVE = YES;
				CLANG_WARN_UNGUARDED_AVAILABILITY = YES_AGGRESSIVE;
				CLANG_WARN_UNREACHABLE_CODE = YES;
				CLANG_WARN__DUPLICATE_METHOD_MATCH = YES;
				COPY_PHASE_STRIP = NO;
				DEBUG_INFORMATION_FORMAT = "dwarf-with-dsym";
				ENABLE_NS_ASSERTIONS = NO;
				ENABLE_STRICT_OBJC_MSGSEND = YES;
				ENABLE_USER_SCRIPT_SANDBOXING = YES;
				GCC_C_LANGUAGE_STANDARD = gnu17;
				GCC_NO_COMMON_BLOCKS = YES;
				GCC_WARN_64_TO_32_BIT_CONVERSION = YES;
				GCC_WARN_ABOUT_RETURN_TYPE = YES_ERROR;
				GCC_WARN_UNDECLARED_SELECTOR = YES;
				GCC_WARN_UNINITIALIZED_AUTOS = YES_AGGRESSIVE;
				GCC_WARN_UNUSED_FUNCTION = YES;
				GCC_WARN_UNUSED_VARIABLE = YES;
				IPHONEOS_DEPLOYMENT_TARGET = 16.0;
				LOCALIZATION_PREFERS_STRING_CATALOGS = YES;
				MTL_ENABLE_DEBUG_INFO = NO;
				MTL_FAST_MATH = YES;
				SDKROOT = iphoneos;
				SWIFT_COMPILATION_MODE = wholemodule;
				VALIDATE_PRODUCT = YES;
			};
			name = Release;
		};
		51263D3E2C16D2BF0009509F /* Debug */ = {
			isa = XCBuildConfiguration;
			baseConfigurationReference = 51263D422C16DD370009509F /* Config.xcconfig */;
			buildSettings = {
				ASSETCATALOG_COMPILER_APPICON_NAME = AppIcon;
				ASSETCATALOG_COMPILER_GLOBAL_ACCENT_COLOR_NAME = AccentColor;
				CODE_SIGN_STYLE = Automatic;
				CURRENT_PROJECT_VERSION = 1;
				DEVELOPMENT_ASSET_PATHS = "\"SmokingAreaMap/Preview Content\"";
				DEVELOPMENT_TEAM = PFTK9YA9R8;
				ENABLE_PREVIEWS = YES;
				GENERATE_INFOPLIST_FILE = YES;
				INFOPLIST_FILE = SmokingAreaMap/Info.plist;
				INFOPLIST_KEY_CFBundleDisplayName = "흡연지도";
				INFOPLIST_KEY_NSCameraUsageDescription = "카메라로 사진을 촬영하여 장소에 대한 사진 정보를 표시하기 위해 권한이 필요합니다.";
				INFOPLIST_KEY_NSLocationWhenInUseUsageDescription = "사용자 위치를 기반으로 흡연부스 정보를 표시하기 위해 권한이 필요합니다.";
				INFOPLIST_KEY_UIApplicationSceneManifest_Generation = YES;
				INFOPLIST_KEY_UIApplicationSupportsIndirectInputEvents = YES;
				INFOPLIST_KEY_UILaunchScreen_Generation = YES;
				INFOPLIST_KEY_UISupportedInterfaceOrientations_iPad = "UIInterfaceOrientationPortrait UIInterfaceOrientationPortraitUpsideDown UIInterfaceOrientationLandscapeLeft UIInterfaceOrientationLandscapeRight";
				INFOPLIST_KEY_UISupportedInterfaceOrientations_iPhone = "UIInterfaceOrientationPortrait UIInterfaceOrientationLandscapeLeft UIInterfaceOrientationLandscapeRight";
				IPHONEOS_DEPLOYMENT_TARGET = 16.0;
				LD_RUNPATH_SEARCH_PATHS = (
					"$(inherited)",
					"@executable_path/Frameworks",
				);
				MARKETING_VERSION = 1.0;
				PRODUCT_BUNDLE_IDENTIFIER = com.chaekie.SmokingAreaMap;
				PRODUCT_NAME = "$(TARGET_NAME)";
				SUPPORTED_PLATFORMS = "iphoneos iphonesimulator";
				SUPPORTS_MACCATALYST = NO;
				SUPPORTS_MAC_DESIGNED_FOR_IPHONE_IPAD = NO;
				SUPPORTS_XR_DESIGNED_FOR_IPHONE_IPAD = NO;
				SWIFT_EMIT_LOC_STRINGS = YES;
				SWIFT_VERSION = 5.0;
				TARGETED_DEVICE_FAMILY = "1,2";
			};
			name = Debug;
		};
		51263D3F2C16D2BF0009509F /* Release */ = {
			isa = XCBuildConfiguration;
			baseConfigurationReference = 51263D422C16DD370009509F /* Config.xcconfig */;
			buildSettings = {
				ASSETCATALOG_COMPILER_APPICON_NAME = AppIcon;
				ASSETCATALOG_COMPILER_GLOBAL_ACCENT_COLOR_NAME = AccentColor;
				CODE_SIGN_STYLE = Automatic;
				CURRENT_PROJECT_VERSION = 1;
				DEVELOPMENT_ASSET_PATHS = "\"SmokingAreaMap/Preview Content\"";
				DEVELOPMENT_TEAM = PFTK9YA9R8;
				ENABLE_PREVIEWS = YES;
				GENERATE_INFOPLIST_FILE = YES;
				INFOPLIST_FILE = SmokingAreaMap/Info.plist;
				INFOPLIST_KEY_CFBundleDisplayName = "흡연지도";
				INFOPLIST_KEY_NSCameraUsageDescription = "카메라로 사진을 촬영하여 장소에 대한 사진 정보를 표시하기 위해 권한이 필요합니다.";
				INFOPLIST_KEY_NSLocationWhenInUseUsageDescription = "사용자 위치를 기반으로 흡연부스 정보를 표시하기 위해 권한이 필요합니다.";
				INFOPLIST_KEY_UIApplicationSceneManifest_Generation = YES;
				INFOPLIST_KEY_UIApplicationSupportsIndirectInputEvents = YES;
				INFOPLIST_KEY_UILaunchScreen_Generation = YES;
				INFOPLIST_KEY_UISupportedInterfaceOrientations_iPad = "UIInterfaceOrientationPortrait UIInterfaceOrientationPortraitUpsideDown UIInterfaceOrientationLandscapeLeft UIInterfaceOrientationLandscapeRight";
				INFOPLIST_KEY_UISupportedInterfaceOrientations_iPhone = "UIInterfaceOrientationPortrait UIInterfaceOrientationLandscapeLeft UIInterfaceOrientationLandscapeRight";
				IPHONEOS_DEPLOYMENT_TARGET = 16.0;
				LD_RUNPATH_SEARCH_PATHS = (
					"$(inherited)",
					"@executable_path/Frameworks",
				);
				MARKETING_VERSION = 1.0;
				PRODUCT_BUNDLE_IDENTIFIER = com.chaekie.SmokingAreaMap;
				PRODUCT_NAME = "$(TARGET_NAME)";
				SUPPORTED_PLATFORMS = "iphoneos iphonesimulator";
				SUPPORTS_MACCATALYST = NO;
				SUPPORTS_MAC_DESIGNED_FOR_IPHONE_IPAD = NO;
				SUPPORTS_XR_DESIGNED_FOR_IPHONE_IPAD = NO;
				SWIFT_EMIT_LOC_STRINGS = YES;
				SWIFT_VERSION = 5.0;
				TARGETED_DEVICE_FAMILY = "1,2";
			};
			name = Release;
		};
/* End XCBuildConfiguration section */

/* Begin XCConfigurationList section */
		51263D2A2C16D2BD0009509F /* Build configuration list for PBXProject "SmokingAreaMap" */ = {
			isa = XCConfigurationList;
			buildConfigurations = (
				51263D3B2C16D2BF0009509F /* Debug */,
				51263D3C2C16D2BF0009509F /* Release */,
			);
			defaultConfigurationIsVisible = 0;
			defaultConfigurationName = Release;
		};
		51263D3D2C16D2BF0009509F /* Build configuration list for PBXNativeTarget "SmokingAreaMap" */ = {
			isa = XCConfigurationList;
			buildConfigurations = (
				51263D3E2C16D2BF0009509F /* Debug */,
				51263D3F2C16D2BF0009509F /* Release */,
			);
			defaultConfigurationIsVisible = 0;
			defaultConfigurationName = Release;
		};
/* End XCConfigurationList section */

/* Begin XCRemoteSwiftPackageReference section */
		51263D442C17F2B80009509F /* XCRemoteSwiftPackageReference "KakaoMapsSDK-SPM" */ = {
			isa = XCRemoteSwiftPackageReference;
			repositoryURL = "https://github.com/kakao-mapsSDK/KakaoMapsSDK-SPM.git";
			requirement = {
				kind = upToNextMajorVersion;
				minimumVersion = 2.10.5;
			};
		};
/* End XCRemoteSwiftPackageReference section */

/* Begin XCSwiftPackageProductDependency section */
		51263D452C17F2B80009509F /* KakaoMapsSDK-SPM */ = {
			isa = XCSwiftPackageProductDependency;
			package = 51263D442C17F2B80009509F /* XCRemoteSwiftPackageReference "KakaoMapsSDK-SPM" */;
			productName = "KakaoMapsSDK-SPM";
		};
/* End XCSwiftPackageProductDependency section */

/* Begin XCVersionGroup section */
		51D2DC002C479A330019D4B1 /* MySpot.xcdatamodeld */ = {
			isa = XCVersionGroup;
			children = (
				51D2DC012C479A330019D4B1 /* MySpot.xcdatamodel */,
			);
			currentVersion = 51D2DC012C479A330019D4B1 /* MySpot.xcdatamodel */;
			path = MySpot.xcdatamodeld;
			sourceTree = "<group>";
			versionGroupType = wrapper.xcdatamodel;
		};
/* End XCVersionGroup section */
	};
	rootObject = 51263D272C16D2BD0009509F /* Project object */;
}
